// !$*UTF8*$!
{
	archiveVersion = 1;
	classes = {
	};
	objectVersion = 56;
	objects = {

/* Begin PBXBuildFile section */
		8A064F462BC2114F005C7164 /* HeroDetailViewController.swift in Sources */ = {isa = PBXBuildFile; fileRef = 8A064F452BC2114F005C7164 /* HeroDetailViewController.swift */; };
		8A064F482BC2123C005C7164 /* HeroDetailView.swift in Sources */ = {isa = PBXBuildFile; fileRef = 8A064F472BC2123C005C7164 /* HeroDetailView.swift */; };
		8A064F4A2BC21B33005C7164 /* HeroDetailViewModel.swift in Sources */ = {isa = PBXBuildFile; fileRef = 8A064F492BC21B33005C7164 /* HeroDetailViewModel.swift */; };
		8A064F4D2BC226F2005C7164 /* HeroDetailRouter.swift in Sources */ = {isa = PBXBuildFile; fileRef = 8A064F4C2BC226F2005C7164 /* HeroDetailRouter.swift */; };
		8A2F39652BC33EB700487630 /* CoreDataRepository.swift in Sources */ = {isa = PBXBuildFile; fileRef = 8A2F39642BC33EB700487630 /* CoreDataRepository.swift */; };
		8A2F397A2BC3461B00487630 /* FavoriteHero+CoreDataClass.swift in Sources */ = {isa = PBXBuildFile; fileRef = 8A2F39782BC3461B00487630 /* FavoriteHero+CoreDataClass.swift */; };
		8A2F397B2BC3461B00487630 /* FavoriteHero+CoreDataProperties.swift in Sources */ = {isa = PBXBuildFile; fileRef = 8A2F39792BC3461B00487630 /* FavoriteHero+CoreDataProperties.swift */; };
		8A2F397D2BC34A7400487630 /* FavoriteHeroViewModel.swift in Sources */ = {isa = PBXBuildFile; fileRef = 8A2F397C2BC34A7400487630 /* FavoriteHeroViewModel.swift */; };
		8A2F397F2BC3661100487630 /* MemoryRepository.swift in Sources */ = {isa = PBXBuildFile; fileRef = 8A2F397E2BC3661100487630 /* MemoryRepository.swift */; };
		8A2F39812BC3662900487630 /* NetworkRepository.swift in Sources */ = {isa = PBXBuildFile; fileRef = 8A2F39802BC3662900487630 /* NetworkRepository.swift */; };
		8A2F39832BC3688300487630 /* RepositoryProtocol.swift in Sources */ = {isa = PBXBuildFile; fileRef = 8A2F39822BC3688300487630 /* RepositoryProtocol.swift */; };
		8A2F39852BC36E6900487630 /* StringExtension.swift in Sources */ = {isa = PBXBuildFile; fileRef = 8A2F39842BC36E6900487630 /* StringExtension.swift */; };
		8A2F39872BC444D600487630 /* TabBarController.swift in Sources */ = {isa = PBXBuildFile; fileRef = 8A2F39862BC444D600487630 /* TabBarController.swift */; };
		8A2F398A2BC49BF700487630 /* Observable.swift in Sources */ = {isa = PBXBuildFile; fileRef = 8A2F39892BC49BF700487630 /* Observable.swift */; };
		8A2F398C2BC49CDF00487630 /* NotificationExtension.swift in Sources */ = {isa = PBXBuildFile; fileRef = 8A2F398B2BC49CDF00487630 /* NotificationExtension.swift */; };
		8A2F398E2BC4B10700487630 /* FavoriteManager.swift in Sources */ = {isa = PBXBuildFile; fileRef = 8A2F398D2BC4B10700487630 /* FavoriteManager.swift */; };
		8A500A922BBE1C6D0068A07D /* AppDelegate.swift in Sources */ = {isa = PBXBuildFile; fileRef = 8A500A912BBE1C6D0068A07D /* AppDelegate.swift */; };
		8A500A942BBE1C6D0068A07D /* SceneDelegate.swift in Sources */ = {isa = PBXBuildFile; fileRef = 8A500A932BBE1C6D0068A07D /* SceneDelegate.swift */; };
		8A500A962BBE1C6D0068A07D /* ViewController.swift in Sources */ = {isa = PBXBuildFile; fileRef = 8A500A952BBE1C6D0068A07D /* ViewController.swift */; };
		8A500A9C2BBE1C6D0068A07D /* MarvelCO.xcdatamodeld in Sources */ = {isa = PBXBuildFile; fileRef = 8A500A9A2BBE1C6D0068A07D /* MarvelCO.xcdatamodeld */; };
		8A500A9E2BBE1C6F0068A07D /* Assets.xcassets in Resources */ = {isa = PBXBuildFile; fileRef = 8A500A9D2BBE1C6F0068A07D /* Assets.xcassets */; };
		8A500AA12BBE1C6F0068A07D /* LaunchScreen.storyboard in Resources */ = {isa = PBXBuildFile; fileRef = 8A500A9F2BBE1C6F0068A07D /* LaunchScreen.storyboard */; };
		8A500AAC2BBE1C6F0068A07D /* MarvelCOTests.swift in Sources */ = {isa = PBXBuildFile; fileRef = 8A500AAB2BBE1C6F0068A07D /* MarvelCOTests.swift */; };
		8A500AB62BBE1C6F0068A07D /* MarvelCOUITests.swift in Sources */ = {isa = PBXBuildFile; fileRef = 8A500AB52BBE1C6F0068A07D /* MarvelCOUITests.swift */; };
		8A500AB82BBE1C6F0068A07D /* MarvelCOUITestsLaunchTests.swift in Sources */ = {isa = PBXBuildFile; fileRef = 8A500AB72BBE1C6F0068A07D /* MarvelCOUITestsLaunchTests.swift */; };
		8A500AC62BBE1E870068A07D /* Hero.swift in Sources */ = {isa = PBXBuildFile; fileRef = 8A500AC52BBE1E870068A07D /* Hero.swift */; };
		8AD19FC22BC1A15D009FC4AB /* single-hero.json in Resources */ = {isa = PBXBuildFile; fileRef = 8AD19FC12BC1A15D009FC4AB /* single-hero.json */; };
		8AD19FC42BC1A401009FC4AB /* Models.swift in Sources */ = {isa = PBXBuildFile; fileRef = 8AD19FC32BC1A401009FC4AB /* Models.swift */; };
		8AD19FC72BC1B06A009FC4AB /* HeroViewModel.swift in Sources */ = {isa = PBXBuildFile; fileRef = 8AD19FC62BC1B06A009FC4AB /* HeroViewModel.swift */; };
		8AD19FCA2BC1B0A6009FC4AB /* HeroViewController.swift in Sources */ = {isa = PBXBuildFile; fileRef = 8AD19FC92BC1B0A6009FC4AB /* HeroViewController.swift */; };
		8AD19FCE2BC1B1A7009FC4AB /* HeroView.swift in Sources */ = {isa = PBXBuildFile; fileRef = 8AD19FCD2BC1B1A7009FC4AB /* HeroView.swift */; };
		8AD19FD02BC1B2C8009FC4AB /* HeroCell.swift in Sources */ = {isa = PBXBuildFile; fileRef = 8AD19FCF2BC1B2C8009FC4AB /* HeroCell.swift */; };
		8AD19FD32BC1D95B009FC4AB /* UIImageViewExtension.swift in Sources */ = {isa = PBXBuildFile; fileRef = 8AD19FD22BC1D95B009FC4AB /* UIImageViewExtension.swift */; };
/* End PBXBuildFile section */

/* Begin PBXContainerItemProxy section */
		8A500AA82BBE1C6F0068A07D /* PBXContainerItemProxy */ = {
			isa = PBXContainerItemProxy;
			containerPortal = 8A500A862BBE1C6D0068A07D /* Project object */;
			proxyType = 1;
			remoteGlobalIDString = 8A500A8D2BBE1C6D0068A07D;
			remoteInfo = MarvelCO;
		};
		8A500AB22BBE1C6F0068A07D /* PBXContainerItemProxy */ = {
			isa = PBXContainerItemProxy;
			containerPortal = 8A500A862BBE1C6D0068A07D /* Project object */;
			proxyType = 1;
			remoteGlobalIDString = 8A500A8D2BBE1C6D0068A07D;
			remoteInfo = MarvelCO;
		};
/* End PBXContainerItemProxy section */

/* Begin PBXFileReference section */
		8A064F452BC2114F005C7164 /* HeroDetailViewController.swift */ = {isa = PBXFileReference; lastKnownFileType = sourcecode.swift; path = HeroDetailViewController.swift; sourceTree = "<group>"; };
		8A064F472BC2123C005C7164 /* HeroDetailView.swift */ = {isa = PBXFileReference; lastKnownFileType = sourcecode.swift; path = HeroDetailView.swift; sourceTree = "<group>"; };
		8A064F492BC21B33005C7164 /* HeroDetailViewModel.swift */ = {isa = PBXFileReference; lastKnownFileType = sourcecode.swift; path = HeroDetailViewModel.swift; sourceTree = "<group>"; };
		8A064F4C2BC226F2005C7164 /* HeroDetailRouter.swift */ = {isa = PBXFileReference; lastKnownFileType = sourcecode.swift; path = HeroDetailRouter.swift; sourceTree = "<group>"; };
		8A2F39642BC33EB700487630 /* CoreDataRepository.swift */ = {isa = PBXFileReference; lastKnownFileType = sourcecode.swift; path = CoreDataRepository.swift; sourceTree = "<group>"; };
		8A2F39782BC3461B00487630 /* FavoriteHero+CoreDataClass.swift */ = {isa = PBXFileReference; lastKnownFileType = sourcecode.swift; path = "FavoriteHero+CoreDataClass.swift"; sourceTree = "<group>"; };
		8A2F39792BC3461B00487630 /* FavoriteHero+CoreDataProperties.swift */ = {isa = PBXFileReference; lastKnownFileType = sourcecode.swift; path = "FavoriteHero+CoreDataProperties.swift"; sourceTree = "<group>"; };
		8A2F397C2BC34A7400487630 /* FavoriteHeroViewModel.swift */ = {isa = PBXFileReference; lastKnownFileType = sourcecode.swift; path = FavoriteHeroViewModel.swift; sourceTree = "<group>"; };
		8A2F397E2BC3661100487630 /* MemoryRepository.swift */ = {isa = PBXFileReference; lastKnownFileType = sourcecode.swift; path = MemoryRepository.swift; sourceTree = "<group>"; };
		8A2F39802BC3662900487630 /* NetworkRepository.swift */ = {isa = PBXFileReference; lastKnownFileType = sourcecode.swift; path = NetworkRepository.swift; sourceTree = "<group>"; };
		8A2F39822BC3688300487630 /* RepositoryProtocol.swift */ = {isa = PBXFileReference; lastKnownFileType = sourcecode.swift; path = RepositoryProtocol.swift; sourceTree = "<group>"; };
		8A2F39842BC36E6900487630 /* StringExtension.swift */ = {isa = PBXFileReference; lastKnownFileType = sourcecode.swift; path = StringExtension.swift; sourceTree = "<group>"; };
		8A2F39862BC444D600487630 /* TabBarController.swift */ = {isa = PBXFileReference; lastKnownFileType = sourcecode.swift; path = TabBarController.swift; sourceTree = "<group>"; };
		8A2F39892BC49BF700487630 /* Observable.swift */ = {isa = PBXFileReference; lastKnownFileType = sourcecode.swift; path = Observable.swift; sourceTree = "<group>"; };
		8A2F398B2BC49CDF00487630 /* NotificationExtension.swift */ = {isa = PBXFileReference; lastKnownFileType = sourcecode.swift; path = NotificationExtension.swift; sourceTree = "<group>"; };
		8A2F398D2BC4B10700487630 /* FavoriteManager.swift */ = {isa = PBXFileReference; lastKnownFileType = sourcecode.swift; path = FavoriteManager.swift; sourceTree = "<group>"; };
		8A500A8E2BBE1C6D0068A07D /* MarvelCO.app */ = {isa = PBXFileReference; explicitFileType = wrapper.application; includeInIndex = 0; path = MarvelCO.app; sourceTree = BUILT_PRODUCTS_DIR; };
		8A500A912BBE1C6D0068A07D /* AppDelegate.swift */ = {isa = PBXFileReference; lastKnownFileType = sourcecode.swift; path = AppDelegate.swift; sourceTree = "<group>"; };
		8A500A932BBE1C6D0068A07D /* SceneDelegate.swift */ = {isa = PBXFileReference; lastKnownFileType = sourcecode.swift; path = SceneDelegate.swift; sourceTree = "<group>"; };
		8A500A952BBE1C6D0068A07D /* ViewController.swift */ = {isa = PBXFileReference; lastKnownFileType = sourcecode.swift; path = ViewController.swift; sourceTree = "<group>"; };
		8A500A9B2BBE1C6D0068A07D /* MarvelCO.xcdatamodel */ = {isa = PBXFileReference; lastKnownFileType = wrapper.xcdatamodel; path = MarvelCO.xcdatamodel; sourceTree = "<group>"; };
		8A500A9D2BBE1C6F0068A07D /* Assets.xcassets */ = {isa = PBXFileReference; lastKnownFileType = folder.assetcatalog; path = Assets.xcassets; sourceTree = "<group>"; };
		8A500AA02BBE1C6F0068A07D /* Base */ = {isa = PBXFileReference; lastKnownFileType = file.storyboard; name = Base; path = Base.lproj/LaunchScreen.storyboard; sourceTree = "<group>"; };
		8A500AA22BBE1C6F0068A07D /* Info.plist */ = {isa = PBXFileReference; lastKnownFileType = text.plist.xml; path = Info.plist; sourceTree = "<group>"; };
		8A500AA72BBE1C6F0068A07D /* MarvelCOTests.xctest */ = {isa = PBXFileReference; explicitFileType = wrapper.cfbundle; includeInIndex = 0; path = MarvelCOTests.xctest; sourceTree = BUILT_PRODUCTS_DIR; };
		8A500AAB2BBE1C6F0068A07D /* MarvelCOTests.swift */ = {isa = PBXFileReference; lastKnownFileType = sourcecode.swift; path = MarvelCOTests.swift; sourceTree = "<group>"; };
		8A500AB12BBE1C6F0068A07D /* MarvelCOUITests.xctest */ = {isa = PBXFileReference; explicitFileType = wrapper.cfbundle; includeInIndex = 0; path = MarvelCOUITests.xctest; sourceTree = BUILT_PRODUCTS_DIR; };
		8A500AB52BBE1C6F0068A07D /* MarvelCOUITests.swift */ = {isa = PBXFileReference; lastKnownFileType = sourcecode.swift; path = MarvelCOUITests.swift; sourceTree = "<group>"; };
		8A500AB72BBE1C6F0068A07D /* MarvelCOUITestsLaunchTests.swift */ = {isa = PBXFileReference; lastKnownFileType = sourcecode.swift; path = MarvelCOUITestsLaunchTests.swift; sourceTree = "<group>"; };
		8A500AC52BBE1E870068A07D /* Hero.swift */ = {isa = PBXFileReference; lastKnownFileType = sourcecode.swift; path = Hero.swift; sourceTree = "<group>"; };
		8AD19FC12BC1A15D009FC4AB /* single-hero.json */ = {isa = PBXFileReference; lastKnownFileType = text.json; path = "single-hero.json"; sourceTree = "<group>"; };
		8AD19FC32BC1A401009FC4AB /* Models.swift */ = {isa = PBXFileReference; lastKnownFileType = sourcecode.swift; path = Models.swift; sourceTree = "<group>"; };
		8AD19FC62BC1B06A009FC4AB /* HeroViewModel.swift */ = {isa = PBXFileReference; lastKnownFileType = sourcecode.swift; path = HeroViewModel.swift; sourceTree = "<group>"; };
		8AD19FC92BC1B0A6009FC4AB /* HeroViewController.swift */ = {isa = PBXFileReference; lastKnownFileType = sourcecode.swift; path = HeroViewController.swift; sourceTree = "<group>"; };
		8AD19FCD2BC1B1A7009FC4AB /* HeroView.swift */ = {isa = PBXFileReference; lastKnownFileType = sourcecode.swift; path = HeroView.swift; sourceTree = "<group>"; };
		8AD19FCF2BC1B2C8009FC4AB /* HeroCell.swift */ = {isa = PBXFileReference; lastKnownFileType = sourcecode.swift; path = HeroCell.swift; sourceTree = "<group>"; };
		8AD19FD22BC1D95B009FC4AB /* UIImageViewExtension.swift */ = {isa = PBXFileReference; lastKnownFileType = sourcecode.swift; path = UIImageViewExtension.swift; sourceTree = "<group>"; };
/* End PBXFileReference section */

/* Begin PBXFrameworksBuildPhase section */
		8A500A8B2BBE1C6D0068A07D /* Frameworks */ = {
			isa = PBXFrameworksBuildPhase;
			buildActionMask = 2147483647;
			files = (
			);
			runOnlyForDeploymentPostprocessing = 0;
		};
		8A500AA42BBE1C6F0068A07D /* Frameworks */ = {
			isa = PBXFrameworksBuildPhase;
			buildActionMask = 2147483647;
			files = (
			);
			runOnlyForDeploymentPostprocessing = 0;
		};
		8A500AAE2BBE1C6F0068A07D /* Frameworks */ = {
			isa = PBXFrameworksBuildPhase;
			buildActionMask = 2147483647;
			files = (
			);
			runOnlyForDeploymentPostprocessing = 0;
		};
/* End PBXFrameworksBuildPhase section */

/* Begin PBXGroup section */
		8A064F4B2BC226DC005C7164 /* Router */ = {
			isa = PBXGroup;
			children = (
				8A064F4C2BC226F2005C7164 /* HeroDetailRouter.swift */,
			);
			path = Router;
			sourceTree = "<group>";
		};
		8A2F39632BC33CDB00487630 /* Repository */ = {
			isa = PBXGroup;
			children = (
				8A2F396B2BC33FF800487630 /* DataModel */,
				8A2F39642BC33EB700487630 /* CoreDataRepository.swift */,
				8A2F397E2BC3661100487630 /* MemoryRepository.swift */,
				8A2F39802BC3662900487630 /* NetworkRepository.swift */,
				8A2F39822BC3688300487630 /* RepositoryProtocol.swift */,
			);
			path = Repository;
			sourceTree = "<group>";
		};
		8A2F396B2BC33FF800487630 /* DataModel */ = {
			isa = PBXGroup;
			children = (
				8A2F39782BC3461B00487630 /* FavoriteHero+CoreDataClass.swift */,
				8A2F39792BC3461B00487630 /* FavoriteHero+CoreDataProperties.swift */,
			);
			path = DataModel;
			sourceTree = "<group>";
		};
		8A2F39882BC49BE900487630 /* Util */ = {
			isa = PBXGroup;
			children = (
				8A2F39892BC49BF700487630 /* Observable.swift */,
				8A2F398D2BC4B10700487630 /* FavoriteManager.swift */,
			);
			path = Util;
			sourceTree = "<group>";
		};
		8A500A852BBE1C6D0068A07D = {
			isa = PBXGroup;
			children = (
				8A500A902BBE1C6D0068A07D /* MarvelCO */,
				8A500AAA2BBE1C6F0068A07D /* MarvelCOTests */,
				8A500AB42BBE1C6F0068A07D /* MarvelCOUITests */,
				8A500A8F2BBE1C6D0068A07D /* Products */,
			);
			sourceTree = "<group>";
		};
		8A500A8F2BBE1C6D0068A07D /* Products */ = {
			isa = PBXGroup;
			children = (
				8A500A8E2BBE1C6D0068A07D /* MarvelCO.app */,
				8A500AA72BBE1C6F0068A07D /* MarvelCOTests.xctest */,
				8A500AB12BBE1C6F0068A07D /* MarvelCOUITests.xctest */,
			);
			name = Products;
			sourceTree = "<group>";
		};
		8A500A902BBE1C6D0068A07D /* MarvelCO */ = {
			isa = PBXGroup;
			children = (
				8A2F39882BC49BE900487630 /* Util */,
				8AD19FC82BC1B086009FC4AB /* Controllers */,
				8AD19FD12BC1D931009FC4AB /* Extension */,
				8A500AC42BBE1E530068A07D /* Models */,
				8A2F39632BC33CDB00487630 /* Repository */,
				8A064F4B2BC226DC005C7164 /* Router */,
				8AD19FC52BC1B05A009FC4AB /* ViewModels */,
				8AD19FCB2BC1B172009FC4AB /* Views */,
				8A500AA22BBE1C6F0068A07D /* Info.plist */,
				8A500A912BBE1C6D0068A07D /* AppDelegate.swift */,
				8A500A932BBE1C6D0068A07D /* SceneDelegate.swift */,
				8A500A952BBE1C6D0068A07D /* ViewController.swift */,
				8A500A9D2BBE1C6F0068A07D /* Assets.xcassets */,
				8A500A9F2BBE1C6F0068A07D /* LaunchScreen.storyboard */,
				8A500A9A2BBE1C6D0068A07D /* MarvelCO.xcdatamodeld */,
			);
			path = MarvelCO;
			sourceTree = "<group>";
		};
		8A500AAA2BBE1C6F0068A07D /* MarvelCOTests */ = {
			isa = PBXGroup;
			children = (
				8A500AAB2BBE1C6F0068A07D /* MarvelCOTests.swift */,
			);
			path = MarvelCOTests;
			sourceTree = "<group>";
		};
		8A500AB42BBE1C6F0068A07D /* MarvelCOUITests */ = {
			isa = PBXGroup;
			children = (
				8AD19FC02BC1A126009FC4AB /* Resources */,
				8A500AB52BBE1C6F0068A07D /* MarvelCOUITests.swift */,
				8A500AB72BBE1C6F0068A07D /* MarvelCOUITestsLaunchTests.swift */,
			);
			path = MarvelCOUITests;
			sourceTree = "<group>";
		};
		8A500AC42BBE1E530068A07D /* Models */ = {
			isa = PBXGroup;
			children = (
				8A500AC52BBE1E870068A07D /* Hero.swift */,
				8AD19FC32BC1A401009FC4AB /* Models.swift */,
			);
			path = Models;
			sourceTree = "<group>";
		};
		8AD19FC02BC1A126009FC4AB /* Resources */ = {
			isa = PBXGroup;
			children = (
				8AD19FC12BC1A15D009FC4AB /* single-hero.json */,
			);
			path = Resources;
			sourceTree = "<group>";
		};
		8AD19FC52BC1B05A009FC4AB /* ViewModels */ = {
			isa = PBXGroup;
			children = (
				8AD19FC62BC1B06A009FC4AB /* HeroViewModel.swift */,
				8A064F492BC21B33005C7164 /* HeroDetailViewModel.swift */,
				8A2F397C2BC34A7400487630 /* FavoriteHeroViewModel.swift */,
			);
			path = ViewModels;
			sourceTree = "<group>";
		};
		8AD19FC82BC1B086009FC4AB /* Controllers */ = {
			isa = PBXGroup;
			children = (
				8AD19FC92BC1B0A6009FC4AB /* HeroViewController.swift */,
				8A064F452BC2114F005C7164 /* HeroDetailViewController.swift */,
				8A2F39862BC444D600487630 /* TabBarController.swift */,
			);
			path = Controllers;
			sourceTree = "<group>";
		};
		8AD19FCB2BC1B172009FC4AB /* Views */ = {
			isa = PBXGroup;
			children = (
				8AD19FCC2BC1B17C009FC4AB /* Cells */,
				8AD19FCD2BC1B1A7009FC4AB /* HeroView.swift */,
				8A064F472BC2123C005C7164 /* HeroDetailView.swift */,
			);
			path = Views;
			sourceTree = "<group>";
		};
		8AD19FCC2BC1B17C009FC4AB /* Cells */ = {
			isa = PBXGroup;
			children = (
				8AD19FCF2BC1B2C8009FC4AB /* HeroCell.swift */,
			);
			path = Cells;
			sourceTree = "<group>";
		};
		8AD19FD12BC1D931009FC4AB /* Extension */ = {
			isa = PBXGroup;
			children = (
				8AD19FD22BC1D95B009FC4AB /* UIImageViewExtension.swift */,
				8A2F39842BC36E6900487630 /* StringExtension.swift */,
				8A2F398B2BC49CDF00487630 /* NotificationExtension.swift */,
			);
			path = Extension;
			sourceTree = "<group>";
		};
/* End PBXGroup section */

/* Begin PBXNativeTarget section */
		8A500A8D2BBE1C6D0068A07D /* MarvelCO */ = {
			isa = PBXNativeTarget;
			buildConfigurationList = 8A500ABB2BBE1C6F0068A07D /* Build configuration list for PBXNativeTarget "MarvelCO" */;
			buildPhases = (
				8A500A8A2BBE1C6D0068A07D /* Sources */,
				8A500A8B2BBE1C6D0068A07D /* Frameworks */,
				8A500A8C2BBE1C6D0068A07D /* Resources */,
			);
			buildRules = (
			);
			dependencies = (
			);
			name = MarvelCO;
			productName = MarvelCO;
			productReference = 8A500A8E2BBE1C6D0068A07D /* MarvelCO.app */;
			productType = "com.apple.product-type.application";
		};
		8A500AA62BBE1C6F0068A07D /* MarvelCOTests */ = {
			isa = PBXNativeTarget;
			buildConfigurationList = 8A500ABE2BBE1C6F0068A07D /* Build configuration list for PBXNativeTarget "MarvelCOTests" */;
			buildPhases = (
				8A500AA32BBE1C6F0068A07D /* Sources */,
				8A500AA42BBE1C6F0068A07D /* Frameworks */,
				8A500AA52BBE1C6F0068A07D /* Resources */,
			);
			buildRules = (
			);
			dependencies = (
				8A500AA92BBE1C6F0068A07D /* PBXTargetDependency */,
			);
			name = MarvelCOTests;
			productName = MarvelCOTests;
			productReference = 8A500AA72BBE1C6F0068A07D /* MarvelCOTests.xctest */;
			productType = "com.apple.product-type.bundle.unit-test";
		};
		8A500AB02BBE1C6F0068A07D /* MarvelCOUITests */ = {
			isa = PBXNativeTarget;
			buildConfigurationList = 8A500AC12BBE1C6F0068A07D /* Build configuration list for PBXNativeTarget "MarvelCOUITests" */;
			buildPhases = (
				8A500AAD2BBE1C6F0068A07D /* Sources */,
				8A500AAE2BBE1C6F0068A07D /* Frameworks */,
				8A500AAF2BBE1C6F0068A07D /* Resources */,
			);
			buildRules = (
			);
			dependencies = (
				8A500AB32BBE1C6F0068A07D /* PBXTargetDependency */,
			);
			name = MarvelCOUITests;
			productName = MarvelCOUITests;
			productReference = 8A500AB12BBE1C6F0068A07D /* MarvelCOUITests.xctest */;
			productType = "com.apple.product-type.bundle.ui-testing";
		};
/* End PBXNativeTarget section */

/* Begin PBXProject section */
		8A500A862BBE1C6D0068A07D /* Project object */ = {
			isa = PBXProject;
			attributes = {
				BuildIndependentTargetsInParallel = 1;
				LastSwiftUpdateCheck = 1520;
				LastUpgradeCheck = 1520;
				TargetAttributes = {
					8A500A8D2BBE1C6D0068A07D = {
						CreatedOnToolsVersion = 15.2;
					};
					8A500AA62BBE1C6F0068A07D = {
						CreatedOnToolsVersion = 15.2;
						TestTargetID = 8A500A8D2BBE1C6D0068A07D;
					};
					8A500AB02BBE1C6F0068A07D = {
						CreatedOnToolsVersion = 15.2;
						TestTargetID = 8A500A8D2BBE1C6D0068A07D;
					};
				};
			};
			buildConfigurationList = 8A500A892BBE1C6D0068A07D /* Build configuration list for PBXProject "MarvelCO" */;
			compatibilityVersion = "Xcode 14.0";
			developmentRegion = en;
			hasScannedForEncodings = 0;
			knownRegions = (
				en,
				Base,
			);
			mainGroup = 8A500A852BBE1C6D0068A07D;
			productRefGroup = 8A500A8F2BBE1C6D0068A07D /* Products */;
			projectDirPath = "";
			projectRoot = "";
			targets = (
				8A500A8D2BBE1C6D0068A07D /* MarvelCO */,
				8A500AA62BBE1C6F0068A07D /* MarvelCOTests */,
				8A500AB02BBE1C6F0068A07D /* MarvelCOUITests */,
			);
		};
/* End PBXProject section */

/* Begin PBXResourcesBuildPhase section */
		8A500A8C2BBE1C6D0068A07D /* Resources */ = {
			isa = PBXResourcesBuildPhase;
			buildActionMask = 2147483647;
			files = (
				8A500AA12BBE1C6F0068A07D /* LaunchScreen.storyboard in Resources */,
				8A500A9E2BBE1C6F0068A07D /* Assets.xcassets in Resources */,
			);
			runOnlyForDeploymentPostprocessing = 0;
		};
		8A500AA52BBE1C6F0068A07D /* Resources */ = {
			isa = PBXResourcesBuildPhase;
			buildActionMask = 2147483647;
			files = (
			);
			runOnlyForDeploymentPostprocessing = 0;
		};
		8A500AAF2BBE1C6F0068A07D /* Resources */ = {
			isa = PBXResourcesBuildPhase;
			buildActionMask = 2147483647;
			files = (
				8AD19FC22BC1A15D009FC4AB /* single-hero.json in Resources */,
			);
			runOnlyForDeploymentPostprocessing = 0;
		};
/* End PBXResourcesBuildPhase section */

/* Begin PBXSourcesBuildPhase section */
		8A500A8A2BBE1C6D0068A07D /* Sources */ = {
			isa = PBXSourcesBuildPhase;
			buildActionMask = 2147483647;
			files = (
				8A2F39812BC3662900487630 /* NetworkRepository.swift in Sources */,
				8A064F4D2BC226F2005C7164 /* HeroDetailRouter.swift in Sources */,
				8AD19FCE2BC1B1A7009FC4AB /* HeroView.swift in Sources */,
				8A2F398E2BC4B10700487630 /* FavoriteManager.swift in Sources */,
				8A500A962BBE1C6D0068A07D /* ViewController.swift in Sources */,
				8A2F398C2BC49CDF00487630 /* NotificationExtension.swift in Sources */,
				8A500A922BBE1C6D0068A07D /* AppDelegate.swift in Sources */,
				8AD19FC72BC1B06A009FC4AB /* HeroViewModel.swift in Sources */,
				8A2F397A2BC3461B00487630 /* FavoriteHero+CoreDataClass.swift in Sources */,
				8AD19FCA2BC1B0A6009FC4AB /* HeroViewController.swift in Sources */,
				8A2F39652BC33EB700487630 /* CoreDataRepository.swift in Sources */,
				8A2F39872BC444D600487630 /* TabBarController.swift in Sources */,
				8A064F462BC2114F005C7164 /* HeroDetailViewController.swift in Sources */,
				8A2F398A2BC49BF700487630 /* Observable.swift in Sources */,
				8AD19FD02BC1B2C8009FC4AB /* HeroCell.swift in Sources */,
				8A2F397F2BC3661100487630 /* MemoryRepository.swift in Sources */,
				8AD19FD32BC1D95B009FC4AB /* UIImageViewExtension.swift in Sources */,
				8A064F482BC2123C005C7164 /* HeroDetailView.swift in Sources */,
				8A500AC62BBE1E870068A07D /* Hero.swift in Sources */,
				8A2F39832BC3688300487630 /* RepositoryProtocol.swift in Sources */,
				8A2F397B2BC3461B00487630 /* FavoriteHero+CoreDataProperties.swift in Sources */,
				8A2F397D2BC34A7400487630 /* FavoriteHeroViewModel.swift in Sources */,
				8AD19FC42BC1A401009FC4AB /* Models.swift in Sources */,
				8A064F4A2BC21B33005C7164 /* HeroDetailViewModel.swift in Sources */,
				8A500A9C2BBE1C6D0068A07D /* MarvelCO.xcdatamodeld in Sources */,
				8A2F39852BC36E6900487630 /* StringExtension.swift in Sources */,
				8A500A942BBE1C6D0068A07D /* SceneDelegate.swift in Sources */,
			);
			runOnlyForDeploymentPostprocessing = 0;
		};
		8A500AA32BBE1C6F0068A07D /* Sources */ = {
			isa = PBXSourcesBuildPhase;
			buildActionMask = 2147483647;
			files = (
				8A500AAC2BBE1C6F0068A07D /* MarvelCOTests.swift in Sources */,
			);
			runOnlyForDeploymentPostprocessing = 0;
		};
		8A500AAD2BBE1C6F0068A07D /* Sources */ = {
			isa = PBXSourcesBuildPhase;
			buildActionMask = 2147483647;
			files = (
				8A500AB82BBE1C6F0068A07D /* MarvelCOUITestsLaunchTests.swift in Sources */,
				8A500AB62BBE1C6F0068A07D /* MarvelCOUITests.swift in Sources */,
			);
			runOnlyForDeploymentPostprocessing = 0;
		};
/* End PBXSourcesBuildPhase section */

/* Begin PBXTargetDependency section */
		8A500AA92BBE1C6F0068A07D /* PBXTargetDependency */ = {
			isa = PBXTargetDependency;
			target = 8A500A8D2BBE1C6D0068A07D /* MarvelCO */;
			targetProxy = 8A500AA82BBE1C6F0068A07D /* PBXContainerItemProxy */;
		};
		8A500AB32BBE1C6F0068A07D /* PBXTargetDependency */ = {
			isa = PBXTargetDependency;
			target = 8A500A8D2BBE1C6D0068A07D /* MarvelCO */;
			targetProxy = 8A500AB22BBE1C6F0068A07D /* PBXContainerItemProxy */;
		};
/* End PBXTargetDependency section */

/* Begin PBXVariantGroup section */
		8A500A9F2BBE1C6F0068A07D /* LaunchScreen.storyboard */ = {
			isa = PBXVariantGroup;
			children = (
				8A500AA02BBE1C6F0068A07D /* Base */,
			);
			name = LaunchScreen.storyboard;
			sourceTree = "<group>";
		};
/* End PBXVariantGroup section */

/* Begin XCBuildConfiguration section */
		8A500AB92BBE1C6F0068A07D /* Debug */ = {
			isa = XCBuildConfiguration;
			buildSettings = {
				ALWAYS_SEARCH_USER_PATHS = NO;
				ASSETCATALOG_COMPILER_GENERATE_SWIFT_ASSET_SYMBOL_EXTENSIONS = YES;
				CLANG_ANALYZER_NONNULL = YES;
				CLANG_ANALYZER_NUMBER_OBJECT_CONVERSION = YES_AGGRESSIVE;
				CLANG_CXX_LANGUAGE_STANDARD = "gnu++20";
				CLANG_ENABLE_MODULES = YES;
				CLANG_ENABLE_OBJC_ARC = YES;
				CLANG_ENABLE_OBJC_WEAK = YES;
				CLANG_WARN_BLOCK_CAPTURE_AUTORELEASING = YES;
				CLANG_WARN_BOOL_CONVERSION = YES;
				CLANG_WARN_COMMA = YES;
				CLANG_WARN_CONSTANT_CONVERSION = YES;
				CLANG_WARN_DEPRECATED_OBJC_IMPLEMENTATIONS = YES;
				CLANG_WARN_DIRECT_OBJC_ISA_USAGE = YES_ERROR;
				CLANG_WARN_DOCUMENTATION_COMMENTS = YES;
				CLANG_WARN_EMPTY_BODY = YES;
				CLANG_WARN_ENUM_CONVERSION = YES;
				CLANG_WARN_INFINITE_RECURSION = YES;
				CLANG_WARN_INT_CONVERSION = YES;
				CLANG_WARN_NON_LITERAL_NULL_CONVERSION = YES;
				CLANG_WARN_OBJC_IMPLICIT_RETAIN_SELF = YES;
				CLANG_WARN_OBJC_LITERAL_CONVERSION = YES;
				CLANG_WARN_OBJC_ROOT_CLASS = YES_ERROR;
				CLANG_WARN_QUOTED_INCLUDE_IN_FRAMEWORK_HEADER = YES;
				CLANG_WARN_RANGE_LOOP_ANALYSIS = YES;
				CLANG_WARN_STRICT_PROTOTYPES = YES;
				CLANG_WARN_SUSPICIOUS_MOVE = YES;
				CLANG_WARN_UNGUARDED_AVAILABILITY = YES_AGGRESSIVE;
				CLANG_WARN_UNREACHABLE_CODE = YES;
				CLANG_WARN__DUPLICATE_METHOD_MATCH = YES;
				COPY_PHASE_STRIP = NO;
				DEBUG_INFORMATION_FORMAT = dwarf;
				ENABLE_STRICT_OBJC_MSGSEND = YES;
				ENABLE_TESTABILITY = YES;
				ENABLE_USER_SCRIPT_SANDBOXING = YES;
				GCC_C_LANGUAGE_STANDARD = gnu17;
				GCC_DYNAMIC_NO_PIC = NO;
				GCC_NO_COMMON_BLOCKS = YES;
				GCC_OPTIMIZATION_LEVEL = 0;
				GCC_PREPROCESSOR_DEFINITIONS = (
					"DEBUG=1",
					"$(inherited)",
				);
				GCC_WARN_64_TO_32_BIT_CONVERSION = YES;
				GCC_WARN_ABOUT_RETURN_TYPE = YES_ERROR;
				GCC_WARN_UNDECLARED_SELECTOR = YES;
				GCC_WARN_UNINITIALIZED_AUTOS = YES_AGGRESSIVE;
				GCC_WARN_UNUSED_FUNCTION = YES;
				GCC_WARN_UNUSED_VARIABLE = YES;
				IPHONEOS_DEPLOYMENT_TARGET = 17.2;
				LOCALIZATION_PREFERS_STRING_CATALOGS = YES;
				MTL_ENABLE_DEBUG_INFO = INCLUDE_SOURCE;
				MTL_FAST_MATH = YES;
				ONLY_ACTIVE_ARCH = YES;
				SDKROOT = iphoneos;
				SWIFT_ACTIVE_COMPILATION_CONDITIONS = "DEBUG $(inherited)";
				SWIFT_OPTIMIZATION_LEVEL = "-Onone";
			};
			name = Debug;
		};
		8A500ABA2BBE1C6F0068A07D /* Release */ = {
			isa = XCBuildConfiguration;
			buildSettings = {
				ALWAYS_SEARCH_USER_PATHS = NO;
				ASSETCATALOG_COMPILER_GENERATE_SWIFT_ASSET_SYMBOL_EXTENSIONS = YES;
				CLANG_ANALYZER_NONNULL = YES;
				CLANG_ANALYZER_NUMBER_OBJECT_CONVERSION = YES_AGGRESSIVE;
				CLANG_CXX_LANGUAGE_STANDARD = "gnu++20";
				CLANG_ENABLE_MODULES = YES;
				CLANG_ENABLE_OBJC_ARC = YES;
				CLANG_ENABLE_OBJC_WEAK = YES;
				CLANG_WARN_BLOCK_CAPTURE_AUTORELEASING = YES;
				CLANG_WARN_BOOL_CONVERSION = YES;
				CLANG_WARN_COMMA = YES;
				CLANG_WARN_CONSTANT_CONVERSION = YES;
				CLANG_WARN_DEPRECATED_OBJC_IMPLEMENTATIONS = YES;
				CLANG_WARN_DIRECT_OBJC_ISA_USAGE = YES_ERROR;
				CLANG_WARN_DOCUMENTATION_COMMENTS = YES;
				CLANG_WARN_EMPTY_BODY = YES;
				CLANG_WARN_ENUM_CONVERSION = YES;
				CLANG_WARN_INFINITE_RECURSION = YES;
				CLANG_WARN_INT_CONVERSION = YES;
				CLANG_WARN_NON_LITERAL_NULL_CONVERSION = YES;
				CLANG_WARN_OBJC_IMPLICIT_RETAIN_SELF = YES;
				CLANG_WARN_OBJC_LITERAL_CONVERSION = YES;
				CLANG_WARN_OBJC_ROOT_CLASS = YES_ERROR;
				CLANG_WARN_QUOTED_INCLUDE_IN_FRAMEWORK_HEADER = YES;
				CLANG_WARN_RANGE_LOOP_ANALYSIS = YES;
				CLANG_WARN_STRICT_PROTOTYPES = YES;
				CLANG_WARN_SUSPICIOUS_MOVE = YES;
				CLANG_WARN_UNGUARDED_AVAILABILITY = YES_AGGRESSIVE;
				CLANG_WARN_UNREACHABLE_CODE = YES;
				CLANG_WARN__DUPLICATE_METHOD_MATCH = YES;
				COPY_PHASE_STRIP = NO;
				DEBUG_INFORMATION_FORMAT = "dwarf-with-dsym";
				ENABLE_NS_ASSERTIONS = NO;
				ENABLE_STRICT_OBJC_MSGSEND = YES;
				ENABLE_USER_SCRIPT_SANDBOXING = YES;
				GCC_C_LANGUAGE_STANDARD = gnu17;
				GCC_NO_COMMON_BLOCKS = YES;
				GCC_WARN_64_TO_32_BIT_CONVERSION = YES;
				GCC_WARN_ABOUT_RETURN_TYPE = YES_ERROR;
				GCC_WARN_UNDECLARED_SELECTOR = YES;
				GCC_WARN_UNINITIALIZED_AUTOS = YES_AGGRESSIVE;
				GCC_WARN_UNUSED_FUNCTION = YES;
				GCC_WARN_UNUSED_VARIABLE = YES;
				IPHONEOS_DEPLOYMENT_TARGET = 17.2;
				LOCALIZATION_PREFERS_STRING_CATALOGS = YES;
				MTL_ENABLE_DEBUG_INFO = NO;
				MTL_FAST_MATH = YES;
				SDKROOT = iphoneos;
				SWIFT_COMPILATION_MODE = wholemodule;
				VALIDATE_PRODUCT = YES;
			};
			name = Release;
		};
		8A500ABC2BBE1C6F0068A07D /* Debug */ = {
			isa = XCBuildConfiguration;
			buildSettings = {
				ASSETCATALOG_COMPILER_APPICON_NAME = AppIcon;
				ASSETCATALOG_COMPILER_GLOBAL_ACCENT_COLOR_NAME = AccentColor;
				CODE_SIGN_STYLE = Automatic;
				CURRENT_PROJECT_VERSION = 1;
				DEVELOPMENT_TEAM = MA627U2G5C;
				GENERATE_INFOPLIST_FILE = YES;
				INFOPLIST_FILE = MarvelCO/Info.plist;
				INFOPLIST_KEY_UIApplicationSupportsIndirectInputEvents = YES;
				INFOPLIST_KEY_UILaunchStoryboardName = LaunchScreen;
				INFOPLIST_KEY_UIMainStoryboardFile = "";
				INFOPLIST_KEY_UISupportedInterfaceOrientations_iPad = "UIInterfaceOrientationPortrait UIInterfaceOrientationPortraitUpsideDown UIInterfaceOrientationLandscapeLeft UIInterfaceOrientationLandscapeRight";
				INFOPLIST_KEY_UISupportedInterfaceOrientations_iPhone = "UIInterfaceOrientationPortrait UIInterfaceOrientationLandscapeLeft UIInterfaceOrientationLandscapeRight";
				LD_RUNPATH_SEARCH_PATHS = (
					"$(inherited)",
					"@executable_path/Frameworks",
				);
				MARKETING_VERSION = 1.0;
				PRODUCT_BUNDLE_IDENTIFIER = com.gfsf.MarvelCO;
				PRODUCT_NAME = "$(TARGET_NAME)";
				SWIFT_EMIT_LOC_STRINGS = YES;
				SWIFT_VERSION = 5.0;
				TARGETED_DEVICE_FAMILY = "1,2";
			};
			name = Debug;
		};
		8A500ABD2BBE1C6F0068A07D /* Release */ = {
			isa = XCBuildConfiguration;
			buildSettings = {
				ASSETCATALOG_COMPILER_APPICON_NAME = AppIcon;
				ASSETCATALOG_COMPILER_GLOBAL_ACCENT_COLOR_NAME = AccentColor;
				CODE_SIGN_STYLE = Automatic;
				CURRENT_PROJECT_VERSION = 1;
				DEVELOPMENT_TEAM = MA627U2G5C;
				GENERATE_INFOPLIST_FILE = YES;
				INFOPLIST_FILE = MarvelCO/Info.plist;
				INFOPLIST_KEY_UIApplicationSupportsIndirectInputEvents = YES;
				INFOPLIST_KEY_UILaunchStoryboardName = LaunchScreen;
				INFOPLIST_KEY_UIMainStoryboardFile = "";
				INFOPLIST_KEY_UISupportedInterfaceOrientations_iPad = "UIInterfaceOrientationPortrait UIInterfaceOrientationPortraitUpsideDown UIInterfaceOrientationLandscapeLeft UIInterfaceOrientationLandscapeRight";
				INFOPLIST_KEY_UISupportedInterfaceOrientations_iPhone = "UIInterfaceOrientationPortrait UIInterfaceOrientationLandscapeLeft UIInterfaceOrientationLandscapeRight";
				LD_RUNPATH_SEARCH_PATHS = (
					"$(inherited)",
					"@executable_path/Frameworks",
				);
				MARKETING_VERSION = 1.0;
				PRODUCT_BUNDLE_IDENTIFIER = com.gfsf.MarvelCO;
				PRODUCT_NAME = "$(TARGET_NAME)";
				SWIFT_EMIT_LOC_STRINGS = YES;
				SWIFT_VERSION = 5.0;
				TARGETED_DEVICE_FAMILY = "1,2";
			};
			name = Release;
		};
		8A500ABF2BBE1C6F0068A07D /* Debug */ = {
			isa = XCBuildConfiguration;
			buildSettings = {
				ALWAYS_EMBED_SWIFT_STANDARD_LIBRARIES = YES;
				BUNDLE_LOADER = "$(TEST_HOST)";
				CODE_SIGN_STYLE = Automatic;
				CURRENT_PROJECT_VERSION = 1;
				DEVELOPMENT_TEAM = MA627U2G5C;
				GENERATE_INFOPLIST_FILE = YES;
				IPHONEOS_DEPLOYMENT_TARGET = 17.2;
				MARKETING_VERSION = 1.0;
				PRODUCT_BUNDLE_IDENTIFIER = com.gfsf.MarvelCOTests;
				PRODUCT_NAME = "$(TARGET_NAME)";
				SWIFT_EMIT_LOC_STRINGS = NO;
				SWIFT_VERSION = 5.0;
				TARGETED_DEVICE_FAMILY = "1,2";
				TEST_HOST = "$(BUILT_PRODUCTS_DIR)/MarvelCO.app/$(BUNDLE_EXECUTABLE_FOLDER_PATH)/MarvelCO";
			};
			name = Debug;
		};
		8A500AC02BBE1C6F0068A07D /* Release */ = {
			isa = XCBuildConfiguration;
			buildSettings = {
				ALWAYS_EMBED_SWIFT_STANDARD_LIBRARIES = YES;
				BUNDLE_LOADER = "$(TEST_HOST)";
				CODE_SIGN_STYLE = Automatic;
				CURRENT_PROJECT_VERSION = 1;
				DEVELOPMENT_TEAM = MA627U2G5C;
				GENERATE_INFOPLIST_FILE = YES;
				IPHONEOS_DEPLOYMENT_TARGET = 17.2;
				MARKETING_VERSION = 1.0;
				PRODUCT_BUNDLE_IDENTIFIER = com.gfsf.MarvelCOTests;
				PRODUCT_NAME = "$(TARGET_NAME)";
				SWIFT_EMIT_LOC_STRINGS = NO;
				SWIFT_VERSION = 5.0;
				TARGETED_DEVICE_FAMILY = "1,2";
				TEST_HOST = "$(BUILT_PRODUCTS_DIR)/MarvelCO.app/$(BUNDLE_EXECUTABLE_FOLDER_PATH)/MarvelCO";
			};
			name = Release;
		};
		8A500AC22BBE1C6F0068A07D /* Debug */ = {
			isa = XCBuildConfiguration;
			buildSettings = {
				ALWAYS_EMBED_SWIFT_STANDARD_LIBRARIES = YES;
				CODE_SIGN_STYLE = Automatic;
				CURRENT_PROJECT_VERSION = 1;
				DEVELOPMENT_TEAM = MA627U2G5C;
				GENERATE_INFOPLIST_FILE = YES;
				MARKETING_VERSION = 1.0;
				PRODUCT_BUNDLE_IDENTIFIER = com.gfsf.MarvelCOUITests;
				PRODUCT_NAME = "$(TARGET_NAME)";
				SWIFT_EMIT_LOC_STRINGS = NO;
				SWIFT_VERSION = 5.0;
				TARGETED_DEVICE_FAMILY = "1,2";
				TEST_TARGET_NAME = MarvelCO;
			};
			name = Debug;
		};
		8A500AC32BBE1C6F0068A07D /* Release */ = {
			isa = XCBuildConfiguration;
			buildSettings = {
				ALWAYS_EMBED_SWIFT_STANDARD_LIBRARIES = YES;
				CODE_SIGN_STYLE = Automatic;
				CURRENT_PROJECT_VERSION = 1;
				DEVELOPMENT_TEAM = MA627U2G5C;
				GENERATE_INFOPLIST_FILE = YES;
				MARKETING_VERSION = 1.0;
				PRODUCT_BUNDLE_IDENTIFIER = com.gfsf.MarvelCOUITests;
				PRODUCT_NAME = "$(TARGET_NAME)";
				SWIFT_EMIT_LOC_STRINGS = NO;
				SWIFT_VERSION = 5.0;
				TARGETED_DEVICE_FAMILY = "1,2";
				TEST_TARGET_NAME = MarvelCO;
			};
			name = Release;
		};
/* End XCBuildConfiguration section */

/* Begin XCConfigurationList section */
		8A500A892BBE1C6D0068A07D /* Build configuration list for PBXProject "MarvelCO" */ = {
			isa = XCConfigurationList;
			buildConfigurations = (
				8A500AB92BBE1C6F0068A07D /* Debug */,
				8A500ABA2BBE1C6F0068A07D /* Release */,
			);
			defaultConfigurationIsVisible = 0;
			defaultConfigurationName = Release;
		};
		8A500ABB2BBE1C6F0068A07D /* Build configuration list for PBXNativeTarget "MarvelCO" */ = {
			isa = XCConfigurationList;
			buildConfigurations = (
				8A500ABC2BBE1C6F0068A07D /* Debug */,
				8A500ABD2BBE1C6F0068A07D /* Release */,
			);
			defaultConfigurationIsVisible = 0;
			defaultConfigurationName = Release;
		};
		8A500ABE2BBE1C6F0068A07D /* Build configuration list for PBXNativeTarget "MarvelCOTests" */ = {
			isa = XCConfigurationList;
			buildConfigurations = (
				8A500ABF2BBE1C6F0068A07D /* Debug */,
				8A500AC02BBE1C6F0068A07D /* Release */,
			);
			defaultConfigurationIsVisible = 0;
			defaultConfigurationName = Release;
		};
		8A500AC12BBE1C6F0068A07D /* Build configuration list for PBXNativeTarget "MarvelCOUITests" */ = {
			isa = XCConfigurationList;
			buildConfigurations = (
				8A500AC22BBE1C6F0068A07D /* Debug */,
				8A500AC32BBE1C6F0068A07D /* Release */,
			);
			defaultConfigurationIsVisible = 0;
			defaultConfigurationName = Release;
		};
/* End XCConfigurationList section */

/* Begin XCVersionGroup section */
		8A500A9A2BBE1C6D0068A07D /* MarvelCO.xcdatamodeld */ = {
			isa = XCVersionGroup;
			children = (
				8A500A9B2BBE1C6D0068A07D /* MarvelCO.xcdatamodel */,
			);
			currentVersion = 8A500A9B2BBE1C6D0068A07D /* MarvelCO.xcdatamodel */;
			path = MarvelCO.xcdatamodeld;
			sourceTree = "<group>";
			versionGroupType = wrapper.xcdatamodel;
		};
/* End XCVersionGroup section */
	};
	rootObject = 8A500A862BBE1C6D0068A07D /* Project object */;
}
